
Microsoft Visual Studio Solution File, Format Version 12.00
# Visual Studio Version 17
VisualStudioVersion = 17.0.31903.59
MinimumVisualStudioVersion = 10.0.40219.1
Project("{FAE04EC0-301F-11D3-BF4B-00C04F79EFBC}") = "OOP_Part1", "OOP_Part1\OOP_Part1.csproj", "{43180E6E-6AC9-4C46-A375-1FCB93A64F00}"
EndProject
Project("{FAE04EC0-301F-11D3-BF4B-00C04F79EFBC}") = "Searching_Algorithms", "Searching_Algorithms\Searching_Algorithms.csproj", "{226A02D7-D771-4DEF-A019-E1DECE6DA5B9}"
EndProject
Project("{FAE04EC0-301F-11D3-BF4B-00C04F79EFBC}") = "OOP_Part2", "OOP_Part2\OOP_Part2.csproj", "{282BAFF8-EE6C-4E3B-BCB1-D93F30ECF4B4}"
EndProject
Project("{FAE04EC0-301F-11D3-BF4B-00C04F79EFBC}") = "Intro_To_Interfaces", "Intro_To_Interfaces\Intro_To_Interfaces.csproj", "{29215884-2CF1-4727-96FA-4A7EC621C920}"
EndProject
Project("{FAE04EC0-301F-11D3-BF4B-00C04F79EFBC}") = "Sorting_Algorithms", "Sorting_Algorithms\Sorting_Algorithms.csproj", "{1548BB58-2440-4C8E-8DCC-B7C4809FA951}"
EndProject
Project("{FAE04EC0-301F-11D3-BF4B-00C04F79EFBC}") = "Memory_Mgmt", "Memory_Mgmt\Memory_Mgmt.csproj", "{E5D07AB4-55AA-4C91-90E7-6A80ECC1BCDA}"
EndProject
Project("{FAE04EC0-301F-11D3-BF4B-00C04F79EFBC}") = "BSTs", "BSTs\BSTs.csproj", "{34E34462-1273-4BA8-AD5F-BF3203FC6581}"
EndProject
Project("{FAE04EC0-301F-11D3-BF4B-00C04F79EFBC}") = "Stuct_vs_Class", "Stuct_vs_Class\Stuct_vs_Class.csproj", "{8D34BF3C-452E-4124-894E-708152A293A5}"
EndProject
Project("{FAE04EC0-301F-11D3-BF4B-00C04F79EFBC}") = "Basic_Data_Structures", "Basic_Data_Structures\Basic_Data_Structures.csproj", "{F2912E30-36DE-477E-8A5C-163177C833DF}"
EndProject
Global
	GlobalSection(SolutionConfigurationPlatforms) = preSolution
		Debug|Any CPU = Debug|Any CPU
		Debug|x64 = Debug|x64
		Debug|x86 = Debug|x86
		Release|Any CPU = Release|Any CPU
		Release|x64 = Release|x64
		Release|x86 = Release|x86
	EndGlobalSection
	GlobalSection(ProjectConfigurationPlatforms) = postSolution
		{43180E6E-6AC9-4C46-A375-1FCB93A64F00}.Debug|Any CPU.ActiveCfg = Debug|Any CPU
		{43180E6E-6AC9-4C46-A375-1FCB93A64F00}.Debug|Any CPU.Build.0 = Debug|Any CPU
		{43180E6E-6AC9-4C46-A375-1FCB93A64F00}.Debug|x64.ActiveCfg = Debug|Any CPU
		{43180E6E-6AC9-4C46-A375-1FCB93A64F00}.Debug|x64.Build.0 = Debug|Any CPU
		{43180E6E-6AC9-4C46-A375-1FCB93A64F00}.Debug|x86.ActiveCfg = Debug|Any CPU
		{43180E6E-6AC9-4C46-A375-1FCB93A64F00}.Debug|x86.Build.0 = Debug|Any CPU
		{43180E6E-6AC9-4C46-A375-1FCB93A64F00}.Release|Any CPU.ActiveCfg = Release|Any CPU
		{43180E6E-6AC9-4C46-A375-1FCB93A64F00}.Release|Any CPU.Build.0 = Release|Any CPU
		{43180E6E-6AC9-4C46-A375-1FCB93A64F00}.Release|x64.ActiveCfg = Release|Any CPU
		{43180E6E-6AC9-4C46-A375-1FCB93A64F00}.Release|x64.Build.0 = Release|Any CPU
		{43180E6E-6AC9-4C46-A375-1FCB93A64F00}.Release|x86.ActiveCfg = Release|Any CPU
		{43180E6E-6AC9-4C46-A375-1FCB93A64F00}.Release|x86.Build.0 = Release|Any CPU
		{226A02D7-D771-4DEF-A019-E1DECE6DA5B9}.Debug|Any CPU.ActiveCfg = Debug|Any CPU
		{226A02D7-D771-4DEF-A019-E1DECE6DA5B9}.Debug|Any CPU.Build.0 = Debug|Any CPU
		{226A02D7-D771-4DEF-A019-E1DECE6DA5B9}.Debug|x64.ActiveCfg = Debug|Any CPU
		{226A02D7-D771-4DEF-A019-E1DECE6DA5B9}.Debug|x64.Build.0 = Debug|Any CPU
		{226A02D7-D771-4DEF-A019-E1DECE6DA5B9}.Debug|x86.ActiveCfg = Debug|Any CPU
		{226A02D7-D771-4DEF-A019-E1DECE6DA5B9}.Debug|x86.Build.0 = Debug|Any CPU
		{226A02D7-D771-4DEF-A019-E1DECE6DA5B9}.Release|Any CPU.ActiveCfg = Release|Any CPU
		{226A02D7-D771-4DEF-A019-E1DECE6DA5B9}.Release|Any CPU.Build.0 = Release|Any CPU
		{226A02D7-D771-4DEF-A019-E1DECE6DA5B9}.Release|x64.ActiveCfg = Release|Any CPU
		{226A02D7-D771-4DEF-A019-E1DECE6DA5B9}.Release|x64.Build.0 = Release|Any CPU
		{226A02D7-D771-4DEF-A019-E1DECE6DA5B9}.Release|x86.ActiveCfg = Release|Any CPU
		{226A02D7-D771-4DEF-A019-E1DECE6DA5B9}.Release|x86.Build.0 = Release|Any CPU
		{282BAFF8-EE6C-4E3B-BCB1-D93F30ECF4B4}.Debug|Any CPU.ActiveCfg = Debug|Any CPU
		{282BAFF8-EE6C-4E3B-BCB1-D93F30ECF4B4}.Debug|Any CPU.Build.0 = Debug|Any CPU
		{282BAFF8-EE6C-4E3B-BCB1-D93F30ECF4B4}.Debug|x64.ActiveCfg = Debug|Any CPU
		{282BAFF8-EE6C-4E3B-BCB1-D93F30ECF4B4}.Debug|x64.Build.0 = Debug|Any CPU
		{282BAFF8-EE6C-4E3B-BCB1-D93F30ECF4B4}.Debug|x86.ActiveCfg = Debug|Any CPU
		{282BAFF8-EE6C-4E3B-BCB1-D93F30ECF4B4}.Debug|x86.Build.0 = Debug|Any CPU
		{282BAFF8-EE6C-4E3B-BCB1-D93F30ECF4B4}.Release|Any CPU.ActiveCfg = Release|Any CPU
		{282BAFF8-EE6C-4E3B-BCB1-D93F30ECF4B4}.Release|Any CPU.Build.0 = Release|Any CPU
		{282BAFF8-EE6C-4E3B-BCB1-D93F30ECF4B4}.Release|x64.ActiveCfg = Release|Any CPU
		{282BAFF8-EE6C-4E3B-BCB1-D93F30ECF4B4}.Release|x64.Build.0 = Release|Any CPU
		{282BAFF8-EE6C-4E3B-BCB1-D93F30ECF4B4}.Release|x86.ActiveCfg = Release|Any CPU
		{282BAFF8-EE6C-4E3B-BCB1-D93F30ECF4B4}.Release|x86.Build.0 = Release|Any CPU
		{29215884-2CF1-4727-96FA-4A7EC621C920}.Debug|Any CPU.ActiveCfg = Debug|Any CPU
		{29215884-2CF1-4727-96FA-4A7EC621C920}.Debug|Any CPU.Build.0 = Debug|Any CPU
		{29215884-2CF1-4727-96FA-4A7EC621C920}.Debug|x64.ActiveCfg = Debug|Any CPU
		{29215884-2CF1-4727-96FA-4A7EC621C920}.Debug|x64.Build.0 = Debug|Any CPU
		{29215884-2CF1-4727-96FA-4A7EC621C920}.Debug|x86.ActiveCfg = Debug|Any CPU
		{29215884-2CF1-4727-96FA-4A7EC621C920}.Debug|x86.Build.0 = Debug|Any CPU
		{29215884-2CF1-4727-96FA-4A7EC621C920}.Release|Any CPU.ActiveCfg = Release|Any CPU
		{29215884-2CF1-4727-96FA-4A7EC621C920}.Release|Any CPU.Build.0 = Release|Any CPU
		{29215884-2CF1-4727-96FA-4A7EC621C920}.Release|x64.ActiveCfg = Release|Any CPU
		{29215884-2CF1-4727-96FA-4A7EC621C920}.Release|x64.Build.0 = Release|Any CPU
		{29215884-2CF1-4727-96FA-4A7EC621C920}.Release|x86.ActiveCfg = Release|Any CPU
		{29215884-2CF1-4727-96FA-4A7EC621C920}.Release|x86.Build.0 = Release|Any CPU
		{1548BB58-2440-4C8E-8DCC-B7C4809FA951}.Debug|Any CPU.ActiveCfg = Debug|Any CPU
		{1548BB58-2440-4C8E-8DCC-B7C4809FA951}.Debug|Any CPU.Build.0 = Debug|Any CPU
		{1548BB58-2440-4C8E-8DCC-B7C4809FA951}.Debug|x64.ActiveCfg = Debug|Any CPU
		{1548BB58-2440-4C8E-8DCC-B7C4809FA951}.Debug|x64.Build.0 = Debug|Any CPU
		{1548BB58-2440-4C8E-8DCC-B7C4809FA951}.Debug|x86.ActiveCfg = Debug|Any CPU
		{1548BB58-2440-4C8E-8DCC-B7C4809FA951}.Debug|x86.Build.0 = Debug|Any CPU
		{1548BB58-2440-4C8E-8DCC-B7C4809FA951}.Release|Any CPU.ActiveCfg = Release|Any CPU
		{1548BB58-2440-4C8E-8DCC-B7C4809FA951}.Release|Any CPU.Build.0 = Release|Any CPU
		{1548BB58-2440-4C8E-8DCC-B7C4809FA951}.Release|x64.ActiveCfg = Release|Any CPU
		{1548BB58-2440-4C8E-8DCC-B7C4809FA951}.Release|x64.Build.0 = Release|Any CPU
		{1548BB58-2440-4C8E-8DCC-B7C4809FA951}.Release|x86.ActiveCfg = Release|Any CPU
		{1548BB58-2440-4C8E-8DCC-B7C4809FA951}.Release|x86.Build.0 = Release|Any CPU
		{E5D07AB4-55AA-4C91-90E7-6A80ECC1BCDA}.Debug|Any CPU.ActiveCfg = Debug|Any CPU
		{E5D07AB4-55AA-4C91-90E7-6A80ECC1BCDA}.Debug|Any CPU.Build.0 = Debug|Any CPU
		{E5D07AB4-55AA-4C91-90E7-6A80ECC1BCDA}.Debug|x64.ActiveCfg = Debug|Any CPU
		{E5D07AB4-55AA-4C91-90E7-6A80ECC1BCDA}.Debug|x64.Build.0 = Debug|Any CPU
		{E5D07AB4-55AA-4C91-90E7-6A80ECC1BCDA}.Debug|x86.ActiveCfg = Debug|Any CPU
		{E5D07AB4-55AA-4C91-90E7-6A80ECC1BCDA}.Debug|x86.Build.0 = Debug|Any CPU
		{E5D07AB4-55AA-4C91-90E7-6A80ECC1BCDA}.Release|Any CPU.ActiveCfg = Release|Any CPU
		{E5D07AB4-55AA-4C91-90E7-6A80ECC1BCDA}.Release|Any CPU.Build.0 = Release|Any CPU
		{E5D07AB4-55AA-4C91-90E7-6A80ECC1BCDA}.Release|x64.ActiveCfg = Release|Any CPU
		{E5D07AB4-55AA-4C91-90E7-6A80ECC1BCDA}.Release|x64.Build.0 = Release|Any CPU
		{E5D07AB4-55AA-4C91-90E7-6A80ECC1BCDA}.Release|x86.ActiveCfg = Release|Any CPU
		{E5D07AB4-55AA-4C91-90E7-6A80ECC1BCDA}.Release|x86.Build.0 = Release|Any CPU
		{34E34462-1273-4BA8-AD5F-BF3203FC6581}.Debug|Any CPU.ActiveCfg = Debug|Any CPU
		{34E34462-1273-4BA8-AD5F-BF3203FC6581}.Debug|Any CPU.Build.0 = Debug|Any CPU
		{34E34462-1273-4BA8-AD5F-BF3203FC6581}.Debug|x64.ActiveCfg = Debug|Any CPU
		{34E34462-1273-4BA8-AD5F-BF3203FC6581}.Debug|x64.Build.0 = Debug|Any CPU
		{34E34462-1273-4BA8-AD5F-BF3203FC6581}.Debug|x86.ActiveCfg = Debug|Any CPU
		{34E34462-1273-4BA8-AD5F-BF3203FC6581}.Debug|x86.Build.0 = Debug|Any CPU
		{34E34462-1273-4BA8-AD5F-BF3203FC6581}.Release|Any CPU.ActiveCfg = Release|Any CPU
		{34E34462-1273-4BA8-AD5F-BF3203FC6581}.Release|Any CPU.Build.0 = Release|Any CPU
		{34E34462-1273-4BA8-AD5F-BF3203FC6581}.Release|x64.ActiveCfg = Release|Any CPU
		{34E34462-1273-4BA8-AD5F-BF3203FC6581}.Release|x64.Build.0 = Release|Any CPU
		{34E34462-1273-4BA8-AD5F-BF3203FC6581}.Release|x86.ActiveCfg = Release|Any CPU
		{34E34462-1273-4BA8-AD5F-BF3203FC6581}.Release|x86.Build.0 = Release|Any CPU
		{8D34BF3C-452E-4124-894E-708152A293A5}.Debug|Any CPU.ActiveCfg = Debug|Any CPU
		{8D34BF3C-452E-4124-894E-708152A293A5}.Debug|Any CPU.Build.0 = Debug|Any CPU
		{8D34BF3C-452E-4124-894E-708152A293A5}.Debug|x64.ActiveCfg = Debug|Any CPU
		{8D34BF3C-452E-4124-894E-708152A293A5}.Debug|x64.Build.0 = Debug|Any CPU
		{8D34BF3C-452E-4124-894E-708152A293A5}.Debug|x86.ActiveCfg = Debug|Any CPU
		{8D34BF3C-452E-4124-894E-708152A293A5}.Debug|x86.Build.0 = Debug|Any CPU
		{8D34BF3C-452E-4124-894E-708152A293A5}.Release|Any CPU.ActiveCfg = Release|Any CPU
		{8D34BF3C-452E-4124-894E-708152A293A5}.Release|Any CPU.Build.0 = Release|Any CPU
		{8D34BF3C-452E-4124-894E-708152A293A5}.Release|x64.ActiveCfg = Release|Any CPU
		{8D34BF3C-452E-4124-894E-708152A293A5}.Release|x64.Build.0 = Release|Any CPU
		{8D34BF3C-452E-4124-894E-708152A293A5}.Release|x86.ActiveCfg = Release|Any CPU
		{8D34BF3C-452E-4124-894E-708152A293A5}.Release|x86.Build.0 = Release|Any CPU
		{F2912E30-36DE-477E-8A5C-163177C833DF}.Debug|Any CPU.ActiveCfg = Debug|Any CPU
		{F2912E30-36DE-477E-8A5C-163177C833DF}.Debug|Any CPU.Build.0 = Debug|Any CPU
		{F2912E30-36DE-477E-8A5C-163177C833DF}.Debug|x64.ActiveCfg = Debug|Any CPU
		{F2912E30-36DE-477E-8A5C-163177C833DF}.Debug|x64.Build.0 = Debug|Any CPU
		{F2912E30-36DE-477E-8A5C-163177C833DF}.Debug|x86.ActiveCfg = Debug|Any CPU
		{F2912E30-36DE-477E-8A5C-163177C833DF}.Debug|x86.Build.0 = Debug|Any CPU
		{F2912E30-36DE-477E-8A5C-163177C833DF}.Release|Any CPU.ActiveCfg = Release|Any CPU
		{F2912E30-36DE-477E-8A5C-163177C833DF}.Release|Any CPU.Build.0 = Release|Any CPU
		{F2912E30-36DE-477E-8A5C-163177C833DF}.Release|x64.ActiveCfg = Release|Any CPU
		{F2912E30-36DE-477E-8A5C-163177C833DF}.Release|x64.Build.0 = Release|Any CPU
		{F2912E30-36DE-477E-8A5C-163177C833DF}.Release|x86.ActiveCfg = Release|Any CPU
		{F2912E30-36DE-477E-8A5C-163177C833DF}.Release|x86.Build.0 = Release|Any CPU
	EndGlobalSection
	GlobalSection(SolutionProperties) = preSolution
		HideSolutionNode = FALSE
	EndGlobalSection
EndGlobal
